Microsoft Visual Studio Solution File, Format Version 12.00
# Visual Studio Version 17
VisualStudioVersion = 17.5.2.0
MinimumVisualStudioVersion = 10.0.40219.1
Project("{FAE04EC0-301F-11D3-BF4B-00C04F79EFBC}") = "Basestation_Software.Web", "Basestation_Software.Web.csproj", "{C7B9C120-D87A-E780-A308-77F2F88C370C}"
EndProject
Global
	GlobalSection(SolutionConfigurationPlatforms) = preSolution
		Debug|Any CPU = Debug|Any CPU
		Release|Any CPU = Release|Any CPU
	EndGlobalSection
	GlobalSection(ProjectConfigurationPlatforms) = postSolution
		{C7B9C120-D87A-E780-A308-77F2F88C370C}.Debug|Any CPU.ActiveCfg = Debug|Any CPU
		{C7B9C120-D87A-E780-A308-77F2F88C370C}.Debug|Any CPU.Build.0 = Debug|Any CPU
		{C7B9C120-D87A-E780-A308-77F2F88C370C}.Release|Any CPU.ActiveCfg = Release|Any CPU
		{C7B9C120-D87A-E780-A308-77F2F88C370C}.Release|Any CPU.Build.0 = Release|Any CPU
	EndGlobalSection
	GlobalSection(SolutionProperties) = preSolution
		HideSolutionNode = FALSE
	EndGlobalSection
	GlobalSection(ExtensibilityGlobals) = postSolution
		SolutionGuid = {C4FFCDF2-5D86-4CCB-9006-9A9FD75EBA5A}
	EndGlobalSection
EndGlobal
